
Microsoft Visual Studio Solution File, Format Version 12.00
# Visual Studio 15
VisualStudioVersion = 15.0.28307.271
MinimumVisualStudioVersion = 10.0.40219.1
Project("{9A19103F-16F7-4668-BE54-9A1E7A4F7556}") = "CnpSdkForNet", "CnpSdkForNet\CnpSdkForNet.csproj", "{B966CA8D-6E01-42A5-89EF-BA136D42FCBC}"
EndProject
Project("{9A19103F-16F7-4668-BE54-9A1E7A4F7556}") = "CnpSdkForNetTest", "CnpSdkForNetTest\CnpSdkForNetTest.csproj", "{0F1500E1-486E-4967-AFF4-B3E289085921}"
EndProject
Global
	GlobalSection(SolutionConfigurationPlatforms) = preSolution
		Debug|Any CPU = Debug|Any CPU
		Release|Any CPU = Release|Any CPU
	EndGlobalSection
	GlobalSection(ProjectConfigurationPlatforms) = postSolution
		{B966CA8D-6E01-42A5-89EF-BA136D42FCBC}.Debug|Any CPU.ActiveCfg = Debug|Any CPU
		{B966CA8D-6E01-42A5-89EF-BA136D42FCBC}.Debug|Any CPU.Build.0 = Debug|Any CPU
		{B966CA8D-6E01-42A5-89EF-BA136D42FCBC}.Release|Any CPU.ActiveCfg = Release|Any CPU
		{B966CA8D-6E01-42A5-89EF-BA136D42FCBC}.Release|Any CPU.Build.0 = Release|Any CPU
		{0F1500E1-486E-4967-AFF4-B3E289085921}.Debug|Any CPU.ActiveCfg = Debug|Any CPU
		{0F1500E1-486E-4967-AFF4-B3E289085921}.Debug|Any CPU.Build.0 = Debug|Any CPU
		{0F1500E1-486E-4967-AFF4-B3E289085921}.Release|Any CPU.ActiveCfg = Release|Any CPU
		{0F1500E1-486E-4967-AFF4-B3E289085921}.Release|Any CPU.Build.0 = Release|Any CPU
	EndGlobalSection
	GlobalSection(SolutionProperties) = preSolution
		HideSolutionNode = FALSE
	EndGlobalSection
	GlobalSection(ExtensibilityGlobals) = postSolution
		SolutionGuid = {CF44710B-8B63-4ED7-AACD-E7535032C093}
	EndGlobalSection
EndGlobal
