
Microsoft Visual Studio Solution File, Format Version 12.00
Project("{FAE04EC0-301F-11D3-BF4B-00C04F79EFBC}") = "CnpSdkForNet", "CnpSdkForNet\CnpSdkForNet.csproj", "{CAF980F6-9678-4986-BCC2-73AEA307309B}"
EndProject
Project("{FAE04EC0-301F-11D3-BF4B-00C04F79EFBC}") = "CnpSdkForNetTest", "CnpSdkForNetTest\CnpSdkForNetTest.csproj", "{75819D25-98CD-43C8-806B-5BD3984F6601}"
EndProject
Global
	GlobalSection(SolutionConfigurationPlatforms) = preSolution
		Debug|Any CPU = Debug|Any CPU
		Release|Any CPU = Release|Any CPU
	EndGlobalSection
	GlobalSection(ProjectConfigurationPlatforms) = postSolution
		{CAF980F6-9678-4986-BCC2-73AEA307309B}.Debug|Any CPU.ActiveCfg = Debug|Any CPU
		{CAF980F6-9678-4986-BCC2-73AEA307309B}.Debug|Any CPU.Build.0 = Debug|Any CPU
		{CAF980F6-9678-4986-BCC2-73AEA307309B}.Release|Any CPU.ActiveCfg = Release|Any CPU
		{CAF980F6-9678-4986-BCC2-73AEA307309B}.Release|Any CPU.Build.0 = Release|Any CPU
		{75819D25-98CD-43C8-806B-5BD3984F6601}.Debug|Any CPU.ActiveCfg = Debug|Any CPU
		{75819D25-98CD-43C8-806B-5BD3984F6601}.Debug|Any CPU.Build.0 = Debug|Any CPU
		{75819D25-98CD-43C8-806B-5BD3984F6601}.Release|Any CPU.ActiveCfg = Release|Any CPU
		{75819D25-98CD-43C8-806B-5BD3984F6601}.Release|Any CPU.Build.0 = Release|Any CPU
	EndGlobalSection
EndGlobal
